
Microsoft Visual Studio Solution File, Format Version 12.00
Project("{FAE04EC0-301F-11D3-BF4B-00C04F79EFBC}") = "StringCompare", "StringCompare.csproj", "{5D218639-69DE-4CEE-919F-F316679C9CF5}"
EndProject
Global
	GlobalSection(SolutionConfigurationPlatforms) = preSolution
		Debug|Any CPU = Debug|Any CPU
		Release|Any CPU = Release|Any CPU
	EndGlobalSection
	GlobalSection(ProjectConfigurationPlatforms) = postSolution
		{5D218639-69DE-4CEE-919F-F316679C9CF5}.Debug|Any CPU.ActiveCfg = Debug|Any CPU
		{5D218639-69DE-4CEE-919F-F316679C9CF5}.Debug|Any CPU.Build.0 = Debug|Any CPU
		{5D218639-69DE-4CEE-919F-F316679C9CF5}.Release|Any CPU.ActiveCfg = Release|Any CPU
		{5D218639-69DE-4CEE-919F-F316679C9CF5}.Release|Any CPU.Build.0 = Release|Any CPU
	EndGlobalSection
EndGlobal
